
Microsoft Visual Studio Solution File, Format Version 12.00
# Visual Studio 14
VisualStudioVersion = 14.0.24720.0
MinimumVisualStudioVersion = 10.0.40219.1
Project("{FAE04EC0-301F-11D3-BF4B-00C04F79EFBC}") = "Ex1", "Primos\Ex1.csproj", "{3268A3EE-7F41-4166-BDD4-20E002BC7588}"
EndProject
Project("{FAE04EC0-301F-11D3-BF4B-00C04F79EFBC}") = "Ex1.Test", "Primos.Test\Ex1.Test.csproj", "{2C7F992C-0871-498E-820D-96317E2F9D6B}"
EndProject
Global
	GlobalSection(SolutionConfigurationPlatforms) = preSolution
		Debug|Any CPU = Debug|Any CPU
		Release|Any CPU = Release|Any CPU
	EndGlobalSection
	GlobalSection(ProjectConfigurationPlatforms) = postSolution
		{3268A3EE-7F41-4166-BDD4-20E002BC7588}.Debug|Any CPU.ActiveCfg = Debug|Any CPU
		{3268A3EE-7F41-4166-BDD4-20E002BC7588}.Debug|Any CPU.Build.0 = Debug|Any CPU
		{3268A3EE-7F41-4166-BDD4-20E002BC7588}.Release|Any CPU.ActiveCfg = Release|Any CPU
		{3268A3EE-7F41-4166-BDD4-20E002BC7588}.Release|Any CPU.Build.0 = Release|Any CPU
		{2C7F992C-0871-498E-820D-96317E2F9D6B}.Debug|Any CPU.ActiveCfg = Debug|Any CPU
		{2C7F992C-0871-498E-820D-96317E2F9D6B}.Debug|Any CPU.Build.0 = Debug|Any CPU
		{2C7F992C-0871-498E-820D-96317E2F9D6B}.Release|Any CPU.ActiveCfg = Release|Any CPU
		{2C7F992C-0871-498E-820D-96317E2F9D6B}.Release|Any CPU.Build.0 = Release|Any CPU
	EndGlobalSection
	GlobalSection(SolutionProperties) = preSolution
		HideSolutionNode = FALSE
	EndGlobalSection
EndGlobal
